
Microsoft Visual Studio Solution File, Format Version 12.00
# Visual Studio 15
VisualStudioVersion = 15.0.28307.1062
MinimumVisualStudioVersion = 10.0.40219.1
Project("{FAE04EC0-301F-11D3-BF4B-00C04F79EFBC}") = "Menevis.Core", "Menevis.Core\Menevis.Core.csproj", "{1E8B8C41-DFCE-46BB-9CEE-C469EDDDFC8D}"
EndProject
Project("{FAE04EC0-301F-11D3-BF4B-00C04F79EFBC}") = "Menevis.Entities", "Menevis.Entities\Menevis.Entities.csproj", "{6040D7E8-13F9-40DA-BA3C-B0AFDB19EDC0}"
EndProject
Project("{FAE04EC0-301F-11D3-BF4B-00C04F79EFBC}") = "Menevis.DAL", "Menevis.DAL\Menevis.DAL.csproj", "{0818E90C-1149-40CB-AB93-401798B74D40}"
EndProject
Project("{FAE04EC0-301F-11D3-BF4B-00C04F79EFBC}") = "Menevis.BL", "Menevis.BL\Menevis.BL.csproj", "{08F7E7D9-7C0A-4332-B99B-A08EE66D0575}"
EndProject
Project("{FAE04EC0-301F-11D3-BF4B-00C04F79EFBC}") = "Menevis.WebApi", "Menevis.WebApi\Menevis.WebApi.csproj", "{A619ED5D-FD4B-44BC-BB3A-4B27D8D9D9C5}"
EndProject
Global
	GlobalSection(SolutionConfigurationPlatforms) = preSolution
		Debug|Any CPU = Debug|Any CPU
		Release|Any CPU = Release|Any CPU
	EndGlobalSection
	GlobalSection(ProjectConfigurationPlatforms) = postSolution
		{1E8B8C41-DFCE-46BB-9CEE-C469EDDDFC8D}.Debug|Any CPU.ActiveCfg = Debug|Any CPU
		{1E8B8C41-DFCE-46BB-9CEE-C469EDDDFC8D}.Debug|Any CPU.Build.0 = Debug|Any CPU
		{1E8B8C41-DFCE-46BB-9CEE-C469EDDDFC8D}.Release|Any CPU.ActiveCfg = Release|Any CPU
		{1E8B8C41-DFCE-46BB-9CEE-C469EDDDFC8D}.Release|Any CPU.Build.0 = Release|Any CPU
		{6040D7E8-13F9-40DA-BA3C-B0AFDB19EDC0}.Debug|Any CPU.ActiveCfg = Debug|Any CPU
		{6040D7E8-13F9-40DA-BA3C-B0AFDB19EDC0}.Debug|Any CPU.Build.0 = Debug|Any CPU
		{6040D7E8-13F9-40DA-BA3C-B0AFDB19EDC0}.Release|Any CPU.ActiveCfg = Release|Any CPU
		{6040D7E8-13F9-40DA-BA3C-B0AFDB19EDC0}.Release|Any CPU.Build.0 = Release|Any CPU
		{0818E90C-1149-40CB-AB93-401798B74D40}.Debug|Any CPU.ActiveCfg = Debug|Any CPU
		{0818E90C-1149-40CB-AB93-401798B74D40}.Debug|Any CPU.Build.0 = Debug|Any CPU
		{0818E90C-1149-40CB-AB93-401798B74D40}.Release|Any CPU.ActiveCfg = Release|Any CPU
		{0818E90C-1149-40CB-AB93-401798B74D40}.Release|Any CPU.Build.0 = Release|Any CPU
		{08F7E7D9-7C0A-4332-B99B-A08EE66D0575}.Debug|Any CPU.ActiveCfg = Debug|Any CPU
		{08F7E7D9-7C0A-4332-B99B-A08EE66D0575}.Debug|Any CPU.Build.0 = Debug|Any CPU
		{08F7E7D9-7C0A-4332-B99B-A08EE66D0575}.Release|Any CPU.ActiveCfg = Release|Any CPU
		{08F7E7D9-7C0A-4332-B99B-A08EE66D0575}.Release|Any CPU.Build.0 = Release|Any CPU
		{A619ED5D-FD4B-44BC-BB3A-4B27D8D9D9C5}.Debug|Any CPU.ActiveCfg = Debug|Any CPU
		{A619ED5D-FD4B-44BC-BB3A-4B27D8D9D9C5}.Debug|Any CPU.Build.0 = Debug|Any CPU
		{A619ED5D-FD4B-44BC-BB3A-4B27D8D9D9C5}.Release|Any CPU.ActiveCfg = Release|Any CPU
		{A619ED5D-FD4B-44BC-BB3A-4B27D8D9D9C5}.Release|Any CPU.Build.0 = Release|Any CPU
	EndGlobalSection
	GlobalSection(SolutionProperties) = preSolution
		HideSolutionNode = FALSE
	EndGlobalSection
	GlobalSection(ExtensibilityGlobals) = postSolution
		SolutionGuid = {19D31D32-FD5D-4809-9C72-ED048855DF76}
	EndGlobalSection
EndGlobal
